// !$*UTF8*$!
{
	archiveVersion = 1;
	classes = {
	};
	objectVersion = 50;
	objects = {

/* Begin PBXBuildFile section */
		3AD510572FF7AB088463AF3E /* Pods_RepoMigrationTest.framework in Frameworks */ = {isa = PBXBuildFile; fileRef = 24718673B27EBBFD5E85F33E /* Pods_RepoMigrationTest.framework */; };
		6D35C26A21B6383B00F2E2DB /* AppDelegate.swift in Sources */ = {isa = PBXBuildFile; fileRef = 6D35C26921B6383B00F2E2DB /* AppDelegate.swift */; };
		6D35C26C21B6383B00F2E2DB /* ViewController.swift in Sources */ = {isa = PBXBuildFile; fileRef = 6D35C26B21B6383B00F2E2DB /* ViewController.swift */; };
		6D35C26F21B6383B00F2E2DB /* Main.storyboard in Resources */ = {isa = PBXBuildFile; fileRef = 6D35C26D21B6383B00F2E2DB /* Main.storyboard */; };
		6D35C27121B6383E00F2E2DB /* Assets.xcassets in Resources */ = {isa = PBXBuildFile; fileRef = 6D35C27021B6383E00F2E2DB /* Assets.xcassets */; };
		6D35C27421B6383E00F2E2DB /* LaunchScreen.storyboard in Resources */ = {isa = PBXBuildFile; fileRef = 6D35C27221B6383E00F2E2DB /* LaunchScreen.storyboard */; };
/* End PBXBuildFile section */

/* Begin PBXFileReference section */
		24718673B27EBBFD5E85F33E /* Pods_RepoMigrationTest.framework */ = {isa = PBXFileReference; explicitFileType = wrapper.framework; includeInIndex = 0; path = Pods_RepoMigrationTest.framework; sourceTree = BUILT_PRODUCTS_DIR; };
		6D35C26621B6383B00F2E2DB /* RepoMigrationTest.app */ = {isa = PBXFileReference; explicitFileType = wrapper.application; includeInIndex = 0; path = RepoMigrationTest.app; sourceTree = BUILT_PRODUCTS_DIR; };
		6D35C26921B6383B00F2E2DB /* AppDelegate.swift */ = {isa = PBXFileReference; lastKnownFileType = sourcecode.swift; path = AppDelegate.swift; sourceTree = "<group>"; };
		6D35C26B21B6383B00F2E2DB /* ViewController.swift */ = {isa = PBXFileReference; lastKnownFileType = sourcecode.swift; path = ViewController.swift; sourceTree = "<group>"; };
		6D35C26E21B6383B00F2E2DB /* Base */ = {isa = PBXFileReference; lastKnownFileType = file.storyboard; name = Base; path = Base.lproj/Main.storyboard; sourceTree = "<group>"; };
		6D35C27021B6383E00F2E2DB /* Assets.xcassets */ = {isa = PBXFileReference; lastKnownFileType = folder.assetcatalog; path = Assets.xcassets; sourceTree = "<group>"; };
		6D35C27321B6383E00F2E2DB /* Base */ = {isa = PBXFileReference; lastKnownFileType = file.storyboard; name = Base; path = Base.lproj/LaunchScreen.storyboard; sourceTree = "<group>"; };
		6D35C27521B6383E00F2E2DB /* Info.plist */ = {isa = PBXFileReference; lastKnownFileType = text.plist.xml; path = Info.plist; sourceTree = "<group>"; };
		75824500AE1E1266B827449E /* Pods-RepoMigrationTest.release.xcconfig */ = {isa = PBXFileReference; includeInIndex = 1; lastKnownFileType = text.xcconfig; name = "Pods-RepoMigrationTest.release.xcconfig"; path = "Pods/Target Support Files/Pods-RepoMigrationTest/Pods-RepoMigrationTest.release.xcconfig"; sourceTree = "<group>"; };
		D85DA0D35C7446FC059DA53B /* Pods-RepoMigrationTest.debug.xcconfig */ = {isa = PBXFileReference; includeInIndex = 1; lastKnownFileType = text.xcconfig; name = "Pods-RepoMigrationTest.debug.xcconfig"; path = "Pods/Target Support Files/Pods-RepoMigrationTest/Pods-RepoMigrationTest.debug.xcconfig"; sourceTree = "<group>"; };
/* End PBXFileReference section */

/* Begin PBXFrameworksBuildPhase section */
		6D35C26321B6383B00F2E2DB /* Frameworks */ = {
			isa = PBXFrameworksBuildPhase;
			buildActionMask = 2147483647;
			files = (
				3AD510572FF7AB088463AF3E /* Pods_RepoMigrationTest.framework in Frameworks */,
			);
			runOnlyForDeploymentPostprocessing = 0;
		};
/* End PBXFrameworksBuildPhase section */

/* Begin PBXGroup section */
		096190F19C7C33D36FFFFC11 /* Frameworks */ = {
			isa = PBXGroup;
			children = (
				24718673B27EBBFD5E85F33E /* Pods_RepoMigrationTest.framework */,
			);
			name = Frameworks;
			sourceTree = "<group>";
		};
		6D35C25D21B6383B00F2E2DB = {
			isa = PBXGroup;
			children = (
				6D35C26821B6383B00F2E2DB /* RepoMigrationTest */,
				6D35C26721B6383B00F2E2DB /* Products */,
				7ED1A317D8AE3B1C7F6ED731 /* Pods */,
				096190F19C7C33D36FFFFC11 /* Frameworks */,
			);
			sourceTree = "<group>";
		};
		6D35C26721B6383B00F2E2DB /* Products */ = {
			isa = PBXGroup;
			children = (
				6D35C26621B6383B00F2E2DB /* RepoMigrationTest.app */,
			);
			name = Products;
			sourceTree = "<group>";
		};
		6D35C26821B6383B00F2E2DB /* RepoMigrationTest */ = {
			isa = PBXGroup;
			children = (
				6D35C26921B6383B00F2E2DB /* AppDelegate.swift */,
				6D35C26B21B6383B00F2E2DB /* ViewController.swift */,
				6D35C26D21B6383B00F2E2DB /* Main.storyboard */,
				6D35C27021B6383E00F2E2DB /* Assets.xcassets */,
				6D35C27221B6383E00F2E2DB /* LaunchScreen.storyboard */,
				6D35C27521B6383E00F2E2DB /* Info.plist */,
			);
			path = RepoMigrationTest;
			sourceTree = "<group>";
		};
		7ED1A317D8AE3B1C7F6ED731 /* Pods */ = {
			isa = PBXGroup;
			children = (
				D85DA0D35C7446FC059DA53B /* Pods-RepoMigrationTest.debug.xcconfig */,
				75824500AE1E1266B827449E /* Pods-RepoMigrationTest.release.xcconfig */,
			);
			name = Pods;
			sourceTree = "<group>";
		};
/* End PBXGroup section */

/* Begin PBXNativeTarget section */
		6D35C26521B6383B00F2E2DB /* RepoMigrationTest */ = {
			isa = PBXNativeTarget;
			buildConfigurationList = 6D35C27821B6383E00F2E2DB /* Build configuration list for PBXNativeTarget "RepoMigrationTest" */;
			buildPhases = (
				5707EBEFB3FB55BFD86FB977 /* [CP] Check Pods Manifest.lock */,
				6D35C26221B6383B00F2E2DB /* Sources */,
				6D35C26321B6383B00F2E2DB /* Frameworks */,
				6D35C26421B6383B00F2E2DB /* Resources */,
			);
			buildRules = (
			);
			dependencies = (
			);
			name = RepoMigrationTest;
			productName = RepoMigrationTest;
			productReference = 6D35C26621B6383B00F2E2DB /* RepoMigrationTest.app */;
			productType = "com.apple.product-type.application";
		};
/* End PBXNativeTarget section */

/* Begin PBXProject section */
		6D35C25E21B6383B00F2E2DB /* Project object */ = {
			isa = PBXProject;
			attributes = {
				LastSwiftUpdateCheck = 1000;
				LastUpgradeCheck = 1000;
				ORGANIZATIONNAME = "Federico Jordán";
				TargetAttributes = {
					6D35C26521B6383B00F2E2DB = {
						CreatedOnToolsVersion = 10.0;
					};
				};
			};
			buildConfigurationList = 6D35C26121B6383B00F2E2DB /* Build configuration list for PBXProject "RepoMigrationTest" */;
			compatibilityVersion = "Xcode 9.3";
			developmentRegion = en;
			hasScannedForEncodings = 0;
			knownRegions = (
				en,
				Base,
			);
			mainGroup = 6D35C25D21B6383B00F2E2DB;
			productRefGroup = 6D35C26721B6383B00F2E2DB /* Products */;
			projectDirPath = "";
			projectRoot = "";
			targets = (
				6D35C26521B6383B00F2E2DB /* RepoMigrationTest */,
			);
		};
/* End PBXProject section */

/* Begin PBXResourcesBuildPhase section */
		6D35C26421B6383B00F2E2DB /* Resources */ = {
			isa = PBXResourcesBuildPhase;
			buildActionMask = 2147483647;
			files = (
				6D35C27421B6383E00F2E2DB /* LaunchScreen.storyboard in Resources */,
				6D35C27121B6383E00F2E2DB /* Assets.xcassets in Resources */,
				6D35C26F21B6383B00F2E2DB /* Main.storyboard in Resources */,
			);
			runOnlyForDeploymentPostprocessing = 0;
		};
/* End PBXResourcesBuildPhase section */

/* Begin PBXShellScriptBuildPhase section */
		5707EBEFB3FB55BFD86FB977 /* [CP] Check Pods Manifest.lock */ = {
			isa = PBXShellScriptBuildPhase;
			buildActionMask = 2147483647;
			files = (
			);
			inputPaths = (
				"${PODS_PODFILE_DIR_PATH}/Podfile.lock",
				"${PODS_ROOT}/Manifest.lock",
			);
			name = "[CP] Check Pods Manifest.lock";
			outputPaths = (
				"$(DERIVED_FILE_DIR)/Pods-RepoMigrationTest-checkManifestLockResult.txt",
			);
			runOnlyForDeploymentPostprocessing = 0;
			shellPath = /bin/sh;
			shellScript = "diff \"${PODS_PODFILE_DIR_PATH}/Podfile.lock\" \"${PODS_ROOT}/Manifest.lock\" > /dev/null\nif [ $? != 0 ] ; then\n    # print error to STDERR\n    echo \"error: The sandbox is not in sync with the Podfile.lock. Run 'pod install' or update your CocoaPods installation.\" >&2\n    exit 1\nfi\n# This output is used by Xcode 'outputs' to avoid re-running this script phase.\necho \"SUCCESS\" > \"${SCRIPT_OUTPUT_FILE_0}\"\n";
			showEnvVarsInLog = 0;
		};
/* End PBXShellScriptBuildPhase section */

/* Begin PBXSourcesBuildPhase section */
		6D35C26221B6383B00F2E2DB /* Sources */ = {
			isa = PBXSourcesBuildPhase;
			buildActionMask = 2147483647;
			files = (
				6D35C26C21B6383B00F2E2DB /* ViewController.swift in Sources */,
				6D35C26A21B6383B00F2E2DB /* AppDelegate.swift in Sources */,
			);
			runOnlyForDeploymentPostprocessing = 0;
		};
/* End PBXSourcesBuildPhase section */

/* Begin PBXVariantGroup section */
		6D35C26D21B6383B00F2E2DB /* Main.storyboard */ = {
			isa = PBXVariantGroup;
			children = (
				6D35C26E21B6383B00F2E2DB /* Base */,
			);
			name = Main.storyboard;
			sourceTree = "<group>";
		};
		6D35C27221B6383E00F2E2DB /* LaunchScreen.storyboard */ = {
			isa = PBXVariantGroup;
			children = (
				6D35C27321B6383E00F2E2DB /* Base */,
			);
			name = LaunchScreen.storyboard;
			sourceTree = "<group>";
		};
/* End PBXVariantGroup section */

/* Begin XCBuildConfiguration section */
		6D35C27621B6383E00F2E2DB /* Debug */ = {
			isa = XCBuildConfiguration;
			buildSettings = {
				ALWAYS_SEARCH_USER_PATHS = NO;
				CLANG_ANALYZER_NONNULL = YES;
				CLANG_ANALYZER_NUMBER_OBJECT_CONVERSION = YES_AGGRESSIVE;
				CLANG_CXX_LANGUAGE_STANDARD = "gnu++14";
				CLANG_CXX_LIBRARY = "libc++";
				CLANG_ENABLE_MODULES = YES;
				CLANG_ENABLE_OBJC_ARC = YES;
				CLANG_ENABLE_OBJC_WEAK = YES;
				CLANG_WARN_BLOCK_CAPTURE_AUTORELEASING = YES;
				CLANG_WARN_BOOL_CONVERSION = YES;
				CLANG_WARN_COMMA = YES;
				CLANG_WARN_CONSTANT_CONVERSION = YES;
				CLANG_WARN_DEPRECATED_OBJC_IMPLEMENTATIONS = YES;
				CLANG_WARN_DIRECT_OBJC_ISA_USAGE = YES_ERROR;
				CLANG_WARN_DOCUMENTATION_COMMENTS = YES;
				CLANG_WARN_EMPTY_BODY = YES;
				CLANG_WARN_ENUM_CONVERSION = YES;
				CLANG_WARN_INFINITE_RECURSION = YES;
				CLANG_WARN_INT_CONVERSION = YES;
				CLANG_WARN_NON_LITERAL_NULL_CONVERSION = YES;
				CLANG_WARN_OBJC_IMPLICIT_RETAIN_SELF = YES;
				CLANG_WARN_OBJC_LITERAL_CONVERSION = YES;
				CLANG_WARN_OBJC_ROOT_CLASS = YES_ERROR;
				CLANG_WARN_RANGE_LOOP_ANALYSIS = YES;
				CLANG_WARN_STRICT_PROTOTYPES = YES;
				CLANG_WARN_SUSPICIOUS_MOVE = YES;
				CLANG_WARN_UNGUARDED_AVAILABILITY = YES_AGGRESSIVE;
				CLANG_WARN_UNREACHABLE_CODE = YES;
				CLANG_WARN__DUPLICATE_METHOD_MATCH = YES;
				CODE_SIGN_IDENTITY = "iPhone Developer";
				COPY_PHASE_STRIP = NO;
				DEBUG_INFORMATION_FORMAT = dwarf;
				ENABLE_STRICT_OBJC_MSGSEND = YES;
				ENABLE_TESTABILITY = YES;
				GCC_C_LANGUAGE_STANDARD = gnu11;
				GCC_DYNAMIC_NO_PIC = NO;
				GCC_NO_COMMON_BLOCKS = YES;
				GCC_OPTIMIZATION_LEVEL = 0;
				GCC_PREPROCESSOR_DEFINITIONS = (
					"DEBUG=1",
					"$(inherited)",
				);
				GCC_WARN_64_TO_32_BIT_CONVERSION = YES;
				GCC_WARN_ABOUT_RETURN_TYPE = YES_ERROR;
				GCC_WARN_UNDECLARED_SELECTOR = YES;
				GCC_WARN_UNINITIALIZED_AUTOS = YES_AGGRESSIVE;
				GCC_WARN_UNUSED_FUNCTION = YES;
				GCC_WARN_UNUSED_VARIABLE = YES;
				IPHONEOS_DEPLOYMENT_TARGET = 12.0;
				MTL_ENABLE_DEBUG_INFO = INCLUDE_SOURCE;
				MTL_FAST_MATH = YES;
				ONLY_ACTIVE_ARCH = YES;
				SDKROOT = iphoneos;
				SWIFT_ACTIVE_COMPILATION_CONDITIONS = DEBUG;
				SWIFT_OPTIMIZATION_LEVEL = "-Onone";
			};
			name = Debug;
		};
		6D35C27721B6383E00F2E2DB /* Release */ = {
			isa = XCBuildConfiguration;
			buildSettings = {
				ALWAYS_SEARCH_USER_PATHS = NO;
				CLANG_ANALYZER_NONNULL = YES;
				CLANG_ANALYZER_NUMBER_OBJECT_CONVERSION = YES_AGGRESSIVE;
				CLANG_CXX_LANGUAGE_STANDARD = "gnu++14";
				CLANG_CXX_LIBRARY = "libc++";
				CLANG_ENABLE_MODULES = YES;
				CLANG_ENABLE_OBJC_ARC = YES;
				CLANG_ENABLE_OBJC_WEAK = YES;
				CLANG_WARN_BLOCK_CAPTURE_AUTORELEASING = YES;
				CLANG_WARN_BOOL_CONVERSION = YES;
				CLANG_WARN_COMMA = YES;
				CLANG_WARN_CONSTANT_CONVERSION = YES;
				CLANG_WARN_DEPRECATED_OBJC_IMPLEMENTATIONS = YES;
				CLANG_WARN_DIRECT_OBJC_ISA_USAGE = YES_ERROR;
				CLANG_WARN_DOCUMENTATION_COMMENTS = YES;
				CLANG_WARN_EMPTY_BODY = YES;
				CLANG_WARN_ENUM_CONVERSION = YES;
				CLANG_WARN_INFINITE_RECURSION = YES;
				CLANG_WARN_INT_CONVERSION = YES;
				CLANG_WARN_NON_LITERAL_NULL_CONVERSION = YES;
				CLANG_WARN_OBJC_IMPLICIT_RETAIN_SELF = YES;
				CLANG_WARN_OBJC_LITERAL_CONVERSION = YES;
				CLANG_WARN_OBJC_ROOT_CLASS = YES_ERROR;
				CLANG_WARN_RANGE_LOOP_ANALYSIS = YES;
				CLANG_WARN_STRICT_PROTOTYPES = YES;
				CLANG_WARN_SUSPICIOUS_MOVE = YES;
				CLANG_WARN_UNGUARDED_AVAILABILITY = YES_AGGRESSIVE;
				CLANG_WARN_UNREACHABLE_CODE = YES;
				CLANG_WARN__DUPLICATE_METHOD_MATCH = YES;
				CODE_SIGN_IDENTITY = "iPhone Developer";
				COPY_PHASE_STRIP = NO;
				DEBUG_INFORMATION_FORMAT = "dwarf-with-dsym";
				ENABLE_NS_ASSERTIONS = NO;
				ENABLE_STRICT_OBJC_MSGSEND = YES;
				GCC_C_LANGUAGE_STANDARD = gnu11;
				GCC_NO_COMMON_BLOCKS = YES;
				GCC_WARN_64_TO_32_BIT_CONVERSION = YES;
				GCC_WARN_ABOUT_RETURN_TYPE = YES_ERROR;
				GCC_WARN_UNDECLARED_SELECTOR = YES;
				GCC_WARN_UNINITIALIZED_AUTOS = YES_AGGRESSIVE;
				GCC_WARN_UNUSED_FUNCTION = YES;
				GCC_WARN_UNUSED_VARIABLE = YES;
				IPHONEOS_DEPLOYMENT_TARGET = 12.0;
				MTL_ENABLE_DEBUG_INFO = NO;
				MTL_FAST_MATH = YES;
				SDKROOT = iphoneos;
				SWIFT_COMPILATION_MODE = wholemodule;
				SWIFT_OPTIMIZATION_LEVEL = "-O";
				VALIDATE_PRODUCT = YES;
			};
			name = Release;
		};
		6D35C27921B6383E00F2E2DB /* Debug */ = {
			isa = XCBuildConfiguration;
			baseConfigurationReference = D85DA0D35C7446FC059DA53B /* Pods-RepoMigrationTest.debug.xcconfig */;
			buildSettings = {
				ASSETCATALOG_COMPILER_APPICON_NAME = AppIcon;
				CODE_SIGN_STYLE = Automatic;
				DEVELOPMENT_TEAM = H5523VLT8V;
				INFOPLIST_FILE = RepoMigrationTest/Info.plist;
				LD_RUNPATH_SEARCH_PATHS = "$(inherited) @executable_path/Frameworks";
				PRODUCT_BUNDLE_IDENTIFIER = com.federicojordan.RepoMigrationTest;
				PRODUCT_NAME = "$(TARGET_NAME)";
				SWIFT_VERSION = 4.2;
				TARGETED_DEVICE_FAMILY = "1,2";
			};
			name = Debug;
		};
		6D35C27A21B6383E00F2E2DB /* Release */ = {
			isa = XCBuildConfiguration;
			baseConfigurationReference = 75824500AE1E1266B827449E /* Pods-RepoMigrationTest.release.xcconfig */;
			buildSettings = {
				ASSETCATALOG_COMPILER_APPICON_NAME = AppIcon;
				CODE_SIGN_STYLE = Automatic;
				DEVELOPMENT_TEAM = H5523VLT8V;
				INFOPLIST_FILE = RepoMigrationTest/Info.plist;
				LD_RUNPATH_SEARCH_PATHS = "$(inherited) @executable_path/Frameworks";
				PRODUCT_BUNDLE_IDENTIFIER = com.federicojordan.RepoMigrationTest;
				PRODUCT_NAME = "$(TARGET_NAME)";
				SWIFT_VERSION = 4.2;
				TARGETED_DEVICE_FAMILY = "1,2";
			};
			name = Release;
		};
/* End XCBuildConfiguration section */

/* Begin XCConfigurationList section */
		6D35C26121B6383B00F2E2DB /* Build configuration list for PBXProject "RepoMigrationTest" */ = {
			isa = XCConfigurationList;
			buildConfigurations = (
				6D35C27621B6383E00F2E2DB /* Debug */,
				6D35C27721B6383E00F2E2DB /* Release */,
			);
			defaultConfigurationIsVisible = 0;
			defaultConfigurationName = Release;
		};
		6D35C27821B6383E00F2E2DB /* Build configuration list for PBXNativeTarget "RepoMigrationTest" */ = {
			isa = XCConfigurationList;
			buildConfigurations = (
				6D35C27921B6383E00F2E2DB /* Debug */,
				6D35C27A21B6383E00F2E2DB /* Release */,
			);
			defaultConfigurationIsVisible = 0;
			defaultConfigurationName = Release;
		};
/* End XCConfigurationList section */
	};
	rootObject = 6D35C25E21B6383B00F2E2DB /* Project object */;
}
